// !$*UTF8*$!
{
	archiveVersion = 1;
	classes = {
	};
	objectVersion = 50;
	objects = {

/* Begin PBXBuildFile section */
		D206FCA626BF0C76002CEA81 /* AppDelegate.swift in Sources */ = {isa = PBXBuildFile; fileRef = D206FCA526BF0C76002CEA81 /* AppDelegate.swift */; };
		D206FCA826BF0C76002CEA81 /* SceneDelegate.swift in Sources */ = {isa = PBXBuildFile; fileRef = D206FCA726BF0C76002CEA81 /* SceneDelegate.swift */; };
		D206FCAA26BF0C76002CEA81 /* ViewController.swift in Sources */ = {isa = PBXBuildFile; fileRef = D206FCA926BF0C76002CEA81 /* ViewController.swift */; };
		D206FCAD26BF0C76002CEA81 /* Main.storyboard in Resources */ = {isa = PBXBuildFile; fileRef = D206FCAB26BF0C76002CEA81 /* Main.storyboard */; };
		D206FCAF26BF0C78002CEA81 /* Assets.xcassets in Resources */ = {isa = PBXBuildFile; fileRef = D206FCAE26BF0C78002CEA81 /* Assets.xcassets */; };
		D206FCB226BF0C78002CEA81 /* LaunchScreen.storyboard in Resources */ = {isa = PBXBuildFile; fileRef = D206FCB026BF0C78002CEA81 /* LaunchScreen.storyboard */; };
		D206FCBD26BF0C78002CEA81 /* GloriaDemoTests.swift in Sources */ = {isa = PBXBuildFile; fileRef = D206FCBC26BF0C78002CEA81 /* GloriaDemoTests.swift */; };
		D206FCC826BF0C78002CEA81 /* GloriaDemoUITests.swift in Sources */ = {isa = PBXBuildFile; fileRef = D206FCC726BF0C78002CEA81 /* GloriaDemoUITests.swift */; };
/* End PBXBuildFile section */

/* Begin PBXContainerItemProxy section */
		D206FCB926BF0C78002CEA81 /* PBXContainerItemProxy */ = {
			isa = PBXContainerItemProxy;
			containerPortal = D206FC9A26BF0C76002CEA81 /* Project object */;
			proxyType = 1;
			remoteGlobalIDString = D206FCA126BF0C76002CEA81;
			remoteInfo = GloriaDemo;
		};
		D206FCC426BF0C78002CEA81 /* PBXContainerItemProxy */ = {
			isa = PBXContainerItemProxy;
			containerPortal = D206FC9A26BF0C76002CEA81 /* Project object */;
			proxyType = 1;
			remoteGlobalIDString = D206FCA126BF0C76002CEA81;
			remoteInfo = GloriaDemo;
		};
/* End PBXContainerItemProxy section */

/* Begin PBXFileReference section */
		D206FCA226BF0C76002CEA81 /* GloriaDemo.app */ = {isa = PBXFileReference; explicitFileType = wrapper.application; includeInIndex = 0; path = GloriaDemo.app; sourceTree = BUILT_PRODUCTS_DIR; };
		D206FCA526BF0C76002CEA81 /* AppDelegate.swift */ = {isa = PBXFileReference; lastKnownFileType = sourcecode.swift; path = AppDelegate.swift; sourceTree = "<group>"; };
		D206FCA726BF0C76002CEA81 /* SceneDelegate.swift */ = {isa = PBXFileReference; lastKnownFileType = sourcecode.swift; path = SceneDelegate.swift; sourceTree = "<group>"; };
		D206FCA926BF0C76002CEA81 /* ViewController.swift */ = {isa = PBXFileReference; lastKnownFileType = sourcecode.swift; path = ViewController.swift; sourceTree = "<group>"; };
		D206FCAC26BF0C76002CEA81 /* Base */ = {isa = PBXFileReference; lastKnownFileType = file.storyboard; name = Base; path = Base.lproj/Main.storyboard; sourceTree = "<group>"; };
		D206FCAE26BF0C78002CEA81 /* Assets.xcassets */ = {isa = PBXFileReference; lastKnownFileType = folder.assetcatalog; path = Assets.xcassets; sourceTree = "<group>"; };
		D206FCB126BF0C78002CEA81 /* Base */ = {isa = PBXFileReference; lastKnownFileType = file.storyboard; name = Base; path = Base.lproj/LaunchScreen.storyboard; sourceTree = "<group>"; };
		D206FCB326BF0C78002CEA81 /* Info.plist */ = {isa = PBXFileReference; lastKnownFileType = text.plist.xml; path = Info.plist; sourceTree = "<group>"; };
		D206FCB826BF0C78002CEA81 /* GloriaDemoTests.xctest */ = {isa = PBXFileReference; explicitFileType = wrapper.cfbundle; includeInIndex = 0; path = GloriaDemoTests.xctest; sourceTree = BUILT_PRODUCTS_DIR; };
		D206FCBC26BF0C78002CEA81 /* GloriaDemoTests.swift */ = {isa = PBXFileReference; lastKnownFileType = sourcecode.swift; path = GloriaDemoTests.swift; sourceTree = "<group>"; };
		D206FCBE26BF0C78002CEA81 /* Info.plist */ = {isa = PBXFileReference; lastKnownFileType = text.plist.xml; path = Info.plist; sourceTree = "<group>"; };
		D206FCC326BF0C78002CEA81 /* GloriaDemoUITests.xctest */ = {isa = PBXFileReference; explicitFileType = wrapper.cfbundle; includeInIndex = 0; path = GloriaDemoUITests.xctest; sourceTree = BUILT_PRODUCTS_DIR; };
		D206FCC726BF0C78002CEA81 /* GloriaDemoUITests.swift */ = {isa = PBXFileReference; lastKnownFileType = sourcecode.swift; path = GloriaDemoUITests.swift; sourceTree = "<group>"; };
		D206FCC926BF0C78002CEA81 /* Info.plist */ = {isa = PBXFileReference; lastKnownFileType = text.plist.xml; path = Info.plist; sourceTree = "<group>"; };
/* End PBXFileReference section */

/* Begin PBXFrameworksBuildPhase section */
		D206FC9F26BF0C76002CEA81 /* Frameworks */ = {
			isa = PBXFrameworksBuildPhase;
			buildActionMask = 2147483647;
			files = (
			);
			runOnlyForDeploymentPostprocessing = 0;
		};
		D206FCB526BF0C78002CEA81 /* Frameworks */ = {
			isa = PBXFrameworksBuildPhase;
			buildActionMask = 2147483647;
			files = (
			);
			runOnlyForDeploymentPostprocessing = 0;
		};
		D206FCC026BF0C78002CEA81 /* Frameworks */ = {
			isa = PBXFrameworksBuildPhase;
			buildActionMask = 2147483647;
			files = (
			);
			runOnlyForDeploymentPostprocessing = 0;
		};
/* End PBXFrameworksBuildPhase section */

/* Begin PBXGroup section */
		D206FC9926BF0C76002CEA81 = {
			isa = PBXGroup;
			children = (
				D206FCA426BF0C76002CEA81 /* GloriaDemo */,
				D206FCBB26BF0C78002CEA81 /* GloriaDemoTests */,
				D206FCC626BF0C78002CEA81 /* GloriaDemoUITests */,
				D206FCA326BF0C76002CEA81 /* Products */,
			);
			sourceTree = "<group>";
		};
		D206FCA326BF0C76002CEA81 /* Products */ = {
			isa = PBXGroup;
			children = (
				D206FCA226BF0C76002CEA81 /* GloriaDemo.app */,
				D206FCB826BF0C78002CEA81 /* GloriaDemoTests.xctest */,
				D206FCC326BF0C78002CEA81 /* GloriaDemoUITests.xctest */,
			);
			name = Products;
			sourceTree = "<group>";
		};
		D206FCA426BF0C76002CEA81 /* GloriaDemo */ = {
			isa = PBXGroup;
			children = (
				D206FCA526BF0C76002CEA81 /* AppDelegate.swift */,
				D206FCA726BF0C76002CEA81 /* SceneDelegate.swift */,
				D206FCA926BF0C76002CEA81 /* ViewController.swift */,
				D206FCAB26BF0C76002CEA81 /* Main.storyboard */,
				D206FCAE26BF0C78002CEA81 /* Assets.xcassets */,
				D206FCB026BF0C78002CEA81 /* LaunchScreen.storyboard */,
				D206FCB326BF0C78002CEA81 /* Info.plist */,
			);
			path = GloriaDemo;
			sourceTree = "<group>";
		};
		D206FCBB26BF0C78002CEA81 /* GloriaDemoTests */ = {
			isa = PBXGroup;
			children = (
				D206FCBC26BF0C78002CEA81 /* GloriaDemoTests.swift */,
				D206FCBE26BF0C78002CEA81 /* Info.plist */,
			);
			path = GloriaDemoTests;
			sourceTree = "<group>";
		};
		D206FCC626BF0C78002CEA81 /* GloriaDemoUITests */ = {
			isa = PBXGroup;
			children = (
				D206FCC726BF0C78002CEA81 /* GloriaDemoUITests.swift */,
				D206FCC926BF0C78002CEA81 /* Info.plist */,
			);
			path = GloriaDemoUITests;
			sourceTree = "<group>";
		};
/* End PBXGroup section */

/* Begin PBXNativeTarget section */
		D206FCA126BF0C76002CEA81 /* GloriaDemo */ = {
			isa = PBXNativeTarget;
			buildConfigurationList = D206FCCC26BF0C78002CEA81 /* Build configuration list for PBXNativeTarget "GloriaDemo" */;
			buildPhases = (
				D206FC9E26BF0C76002CEA81 /* Sources */,
				D206FC9F26BF0C76002CEA81 /* Frameworks */,
				D206FCA026BF0C76002CEA81 /* Resources */,
			);
			buildRules = (
			);
			dependencies = (
			);
			name = GloriaDemo;
			productName = GloriaDemo;
			productReference = D206FCA226BF0C76002CEA81 /* GloriaDemo.app */;
			productType = "com.apple.product-type.application";
		};
		D206FCB726BF0C78002CEA81 /* GloriaDemoTests */ = {
			isa = PBXNativeTarget;
			buildConfigurationList = D206FCCF26BF0C78002CEA81 /* Build configuration list for PBXNativeTarget "GloriaDemoTests" */;
			buildPhases = (
				D206FCB426BF0C78002CEA81 /* Sources */,
				D206FCB526BF0C78002CEA81 /* Frameworks */,
				D206FCB626BF0C78002CEA81 /* Resources */,
			);
			buildRules = (
			);
			dependencies = (
				D206FCBA26BF0C78002CEA81 /* PBXTargetDependency */,
			);
			name = GloriaDemoTests;
			productName = GloriaDemoTests;
			productReference = D206FCB826BF0C78002CEA81 /* GloriaDemoTests.xctest */;
			productType = "com.apple.product-type.bundle.unit-test";
		};
		D206FCC226BF0C78002CEA81 /* GloriaDemoUITests */ = {
			isa = PBXNativeTarget;
			buildConfigurationList = D206FCD226BF0C78002CEA81 /* Build configuration list for PBXNativeTarget "GloriaDemoUITests" */;
			buildPhases = (
				D206FCBF26BF0C78002CEA81 /* Sources */,
				D206FCC026BF0C78002CEA81 /* Frameworks */,
				D206FCC126BF0C78002CEA81 /* Resources */,
			);
			buildRules = (
			);
			dependencies = (
				D206FCC526BF0C78002CEA81 /* PBXTargetDependency */,
			);
			name = GloriaDemoUITests;
			productName = GloriaDemoUITests;
			productReference = D206FCC326BF0C78002CEA81 /* GloriaDemoUITests.xctest */;
			productType = "com.apple.product-type.bundle.ui-testing";
		};
/* End PBXNativeTarget section */

/* Begin PBXProject section */
		D206FC9A26BF0C76002CEA81 /* Project object */ = {
			isa = PBXProject;
			attributes = {
				LastSwiftUpdateCheck = 1250;
				LastUpgradeCheck = 1250;
				TargetAttributes = {
					D206FCA126BF0C76002CEA81 = {
						CreatedOnToolsVersion = 12.5.1;
					};
					D206FCB726BF0C78002CEA81 = {
						CreatedOnToolsVersion = 12.5.1;
						TestTargetID = D206FCA126BF0C76002CEA81;
					};
					D206FCC226BF0C78002CEA81 = {
						CreatedOnToolsVersion = 12.5.1;
						TestTargetID = D206FCA126BF0C76002CEA81;
					};
				};
			};
			buildConfigurationList = D206FC9D26BF0C76002CEA81 /* Build configuration list for PBXProject "GloriaDemo" */;
			compatibilityVersion = "Xcode 9.3";
			developmentRegion = en;
			hasScannedForEncodings = 0;
			knownRegions = (
				en,
				Base,
			);
			mainGroup = D206FC9926BF0C76002CEA81;
			productRefGroup = D206FCA326BF0C76002CEA81 /* Products */;
			projectDirPath = "";
			projectRoot = "";
			targets = (
				D206FCA126BF0C76002CEA81 /* GloriaDemo */,
				D206FCB726BF0C78002CEA81 /* GloriaDemoTests */,
				D206FCC226BF0C78002CEA81 /* GloriaDemoUITests */,
			);
		};
/* End PBXProject section */

/* Begin PBXResourcesBuildPhase section */
		D206FCA026BF0C76002CEA81 /* Resources */ = {
			isa = PBXResourcesBuildPhase;
			buildActionMask = 2147483647;
			files = (
				D206FCB226BF0C78002CEA81 /* LaunchScreen.storyboard in Resources */,
				D206FCAF26BF0C78002CEA81 /* Assets.xcassets in Resources */,
				D206FCAD26BF0C76002CEA81 /* Main.storyboard in Resources */,
			);
			runOnlyForDeploymentPostprocessing = 0;
		};
		D206FCB626BF0C78002CEA81 /* Resources */ = {
			isa = PBXResourcesBuildPhase;
			buildActionMask = 2147483647;
			files = (
			);
			runOnlyForDeploymentPostprocessing = 0;
		};
		D206FCC126BF0C78002CEA81 /* Resources */ = {
			isa = PBXResourcesBuildPhase;
			buildActionMask = 2147483647;
			files = (
			);
			runOnlyForDeploymentPostprocessing = 0;
		};
/* End PBXResourcesBuildPhase section */

/* Begin PBXSourcesBuildPhase section */
		D206FC9E26BF0C76002CEA81 /* Sources */ = {
			isa = PBXSourcesBuildPhase;
			buildActionMask = 2147483647;
			files = (
				D206FCAA26BF0C76002CEA81 /* ViewController.swift in Sources */,
				D206FCA626BF0C76002CEA81 /* AppDelegate.swift in Sources */,
				D206FCA826BF0C76002CEA81 /* SceneDelegate.swift in Sources */,
			);
			runOnlyForDeploymentPostprocessing = 0;
		};
		D206FCB426BF0C78002CEA81 /* Sources */ = {
			isa = PBXSourcesBuildPhase;
			buildActionMask = 2147483647;
			files = (
				D206FCBD26BF0C78002CEA81 /* GloriaDemoTests.swift in Sources */,
			);
			runOnlyForDeploymentPostprocessing = 0;
		};
		D206FCBF26BF0C78002CEA81 /* Sources */ = {
			isa = PBXSourcesBuildPhase;
			buildActionMask = 2147483647;
			files = (
				D206FCC826BF0C78002CEA81 /* GloriaDemoUITests.swift in Sources */,
			);
			runOnlyForDeploymentPostprocessing = 0;
		};
/* End PBXSourcesBuildPhase section */

/* Begin PBXTargetDependency section */
		D206FCBA26BF0C78002CEA81 /* PBXTargetDependency */ = {
			isa = PBXTargetDependency;
			target = D206FCA126BF0C76002CEA81 /* GloriaDemo */;
			targetProxy = D206FCB926BF0C78002CEA81 /* PBXContainerItemProxy */;
		};
		D206FCC526BF0C78002CEA81 /* PBXTargetDependency */ = {
			isa = PBXTargetDependency;
			target = D206FCA126BF0C76002CEA81 /* GloriaDemo */;
			targetProxy = D206FCC426BF0C78002CEA81 /* PBXContainerItemProxy */;
		};
/* End PBXTargetDependency section */

/* Begin PBXVariantGroup section */
		D206FCAB26BF0C76002CEA81 /* Main.storyboard */ = {
			isa = PBXVariantGroup;
			children = (
				D206FCAC26BF0C76002CEA81 /* Base */,
			);
			name = Main.storyboard;
			sourceTree = "<group>";
		};
		D206FCB026BF0C78002CEA81 /* LaunchScreen.storyboard */ = {
			isa = PBXVariantGroup;
			children = (
				D206FCB126BF0C78002CEA81 /* Base */,
			);
			name = LaunchScreen.storyboard;
			sourceTree = "<group>";
		};
/* End PBXVariantGroup section */

/* Begin XCBuildConfiguration section */
		D206FCCA26BF0C78002CEA81 /* Debug */ = {
			isa = XCBuildConfiguration;
			buildSettings = {
				ALWAYS_SEARCH_USER_PATHS = NO;
				CLANG_ANALYZER_NONNULL = YES;
				CLANG_ANALYZER_NUMBER_OBJECT_CONVERSION = YES_AGGRESSIVE;
				CLANG_CXX_LANGUAGE_STANDARD = "gnu++14";
				CLANG_CXX_LIBRARY = "libc++";
				CLANG_ENABLE_MODULES = YES;
				CLANG_ENABLE_OBJC_ARC = YES;
				CLANG_ENABLE_OBJC_WEAK = YES;
				CLANG_WARN_BLOCK_CAPTURE_AUTORELEASING = YES;
				CLANG_WARN_BOOL_CONVERSION = YES;
				CLANG_WARN_COMMA = YES;
				CLANG_WARN_CONSTANT_CONVERSION = YES;
				CLANG_WARN_DEPRECATED_OBJC_IMPLEMENTATIONS = YES;
				CLANG_WARN_DIRECT_OBJC_ISA_USAGE = YES_ERROR;
				CLANG_WARN_DOCUMENTATION_COMMENTS = YES;
				CLANG_WARN_EMPTY_BODY = YES;
				CLANG_WARN_ENUM_CONVERSION = YES;
				CLANG_WARN_INFINITE_RECURSION = YES;
				CLANG_WARN_INT_CONVERSION = YES;
				CLANG_WARN_NON_LITERAL_NULL_CONVERSION = YES;
				CLANG_WARN_OBJC_IMPLICIT_RETAIN_SELF = YES;
				CLANG_WARN_OBJC_LITERAL_CONVERSION = YES;
				CLANG_WARN_OBJC_ROOT_CLASS = YES_ERROR;
				CLANG_WARN_QUOTED_INCLUDE_IN_FRAMEWORK_HEADER = YES;
				CLANG_WARN_RANGE_LOOP_ANALYSIS = YES;
				CLANG_WARN_STRICT_PROTOTYPES = YES;
				CLANG_WARN_SUSPICIOUS_MOVE = YES;
				CLANG_WARN_UNGUARDED_AVAILABILITY = YES_AGGRESSIVE;
				CLANG_WARN_UNREACHABLE_CODE = YES;
				CLANG_WARN__DUPLICATE_METHOD_MATCH = YES;
				COPY_PHASE_STRIP = NO;
				DEBUG_INFORMATION_FORMAT = dwarf;
				ENABLE_STRICT_OBJC_MSGSEND = YES;
				ENABLE_TESTABILITY = YES;
				GCC_C_LANGUAGE_STANDARD = gnu11;
				GCC_DYNAMIC_NO_PIC = NO;
				GCC_NO_COMMON_BLOCKS = YES;
				GCC_OPTIMIZATION_LEVEL = 0;
				GCC_PREPROCESSOR_DEFINITIONS = (
					"DEBUG=1",
					"$(inherited)",
				);
				GCC_WARN_64_TO_32_BIT_CONVERSION = YES;
				GCC_WARN_ABOUT_RETURN_TYPE = YES_ERROR;
				GCC_WARN_UNDECLARED_SELECTOR = YES;
				GCC_WARN_UNINITIALIZED_AUTOS = YES_AGGRESSIVE;
				GCC_WARN_UNUSED_FUNCTION = YES;
				GCC_WARN_UNUSED_VARIABLE = YES;
				IPHONEOS_DEPLOYMENT_TARGET = 14.5;
				MTL_ENABLE_DEBUG_INFO = INCLUDE_SOURCE;
				MTL_FAST_MATH = YES;
				ONLY_ACTIVE_ARCH = YES;
				SDKROOT = iphoneos;
				SWIFT_ACTIVE_COMPILATION_CONDITIONS = DEBUG;
				SWIFT_OPTIMIZATION_LEVEL = "-Onone";
			};
			name = Debug;
		};
		D206FCCB26BF0C78002CEA81 /* Release */ = {
			isa = XCBuildConfiguration;
			buildSettings = {
				ALWAYS_SEARCH_USER_PATHS = NO;
				CLANG_ANALYZER_NONNULL = YES;
				CLANG_ANALYZER_NUMBER_OBJECT_CONVERSION = YES_AGGRESSIVE;
				CLANG_CXX_LANGUAGE_STANDARD = "gnu++14";
				CLANG_CXX_LIBRARY = "libc++";
				CLANG_ENABLE_MODULES = YES;
				CLANG_ENABLE_OBJC_ARC = YES;
				CLANG_ENABLE_OBJC_WEAK = YES;
				CLANG_WARN_BLOCK_CAPTURE_AUTORELEASING = YES;
				CLANG_WARN_BOOL_CONVERSION = YES;
				CLANG_WARN_COMMA = YES;
				CLANG_WARN_CONSTANT_CONVERSION = YES;
				CLANG_WARN_DEPRECATED_OBJC_IMPLEMENTATIONS = YES;
				CLANG_WARN_DIRECT_OBJC_ISA_USAGE = YES_ERROR;
				CLANG_WARN_DOCUMENTATION_COMMENTS = YES;
				CLANG_WARN_EMPTY_BODY = YES;
				CLANG_WARN_ENUM_CONVERSION = YES;
				CLANG_WARN_INFINITE_RECURSION = YES;
				CLANG_WARN_INT_CONVERSION = YES;
				CLANG_WARN_NON_LITERAL_NULL_CONVERSION = YES;
				CLANG_WARN_OBJC_IMPLICIT_RETAIN_SELF = YES;
				CLANG_WARN_OBJC_LITERAL_CONVERSION = YES;
				CLANG_WARN_OBJC_ROOT_CLASS = YES_ERROR;
				CLANG_WARN_QUOTED_INCLUDE_IN_FRAMEWORK_HEADER = YES;
				CLANG_WARN_RANGE_LOOP_ANALYSIS = YES;
				CLANG_WARN_STRICT_PROTOTYPES = YES;
				CLANG_WARN_SUSPICIOUS_MOVE = YES;
				CLANG_WARN_UNGUARDED_AVAILABILITY = YES_AGGRESSIVE;
				CLANG_WARN_UNREACHABLE_CODE = YES;
				CLANG_WARN__DUPLICATE_METHOD_MATCH = YES;
				COPY_PHASE_STRIP = NO;
				DEBUG_INFORMATION_FORMAT = "dwarf-with-dsym";
				ENABLE_NS_ASSERTIONS = NO;
				ENABLE_STRICT_OBJC_MSGSEND = YES;
				GCC_C_LANGUAGE_STANDARD = gnu11;
				GCC_NO_COMMON_BLOCKS = YES;
				GCC_WARN_64_TO_32_BIT_CONVERSION = YES;
				GCC_WARN_ABOUT_RETURN_TYPE = YES_ERROR;
				GCC_WARN_UNDECLARED_SELECTOR = YES;
				GCC_WARN_UNINITIALIZED_AUTOS = YES_AGGRESSIVE;
				GCC_WARN_UNUSED_FUNCTION = YES;
				GCC_WARN_UNUSED_VARIABLE = YES;
				IPHONEOS_DEPLOYMENT_TARGET = 14.5;
				MTL_ENABLE_DEBUG_INFO = NO;
				MTL_FAST_MATH = YES;
				SDKROOT = iphoneos;
				SWIFT_COMPILATION_MODE = wholemodule;
				SWIFT_OPTIMIZATION_LEVEL = "-O";
				VALIDATE_PRODUCT = YES;
			};
			name = Release;
		};
		D206FCCD26BF0C78002CEA81 /* Debug */ = {
			isa = XCBuildConfiguration;
			buildSettings = {
				ASSETCATALOG_COMPILER_APPICON_NAME = AppIcon;
				ASSETCATALOG_COMPILER_GLOBAL_ACCENT_COLOR_NAME = AccentColor;
				CODE_SIGN_STYLE = Automatic;
				DEVELOPMENT_TEAM = 48BMJ284DP;
				INFOPLIST_FILE = GloriaDemo/Info.plist;
				LD_RUNPATH_SEARCH_PATHS = (
					"$(inherited)",
					"@executable_path/Frameworks",
				);
				PRODUCT_BUNDLE_IDENTIFIER = com.nuevo.GloriaDemo;
				PRODUCT_NAME = "$(TARGET_NAME)";
				SWIFT_VERSION = 5.0;
				TARGETED_DEVICE_FAMILY = "1,2";
			};
			name = Debug;
		};
		D206FCCE26BF0C78002CEA81 /* Release */ = {
			isa = XCBuildConfiguration;
			buildSettings = {
				ASSETCATALOG_COMPILER_APPICON_NAME = AppIcon;
				ASSETCATALOG_COMPILER_GLOBAL_ACCENT_COLOR_NAME = AccentColor;
				CODE_SIGN_STYLE = Automatic;
				DEVELOPMENT_TEAM = 48BMJ284DP;
				INFOPLIST_FILE = GloriaDemo/Info.plist;
				LD_RUNPATH_SEARCH_PATHS = (
					"$(inherited)",
					"@executable_path/Frameworks",
				);
				PRODUCT_BUNDLE_IDENTIFIER = com.nuevo.GloriaDemo;
				PRODUCT_NAME = "$(TARGET_NAME)";
				SWIFT_VERSION = 5.0;
				TARGETED_DEVICE_FAMILY = "1,2";
			};
			name = Release;
		};
		D206FCD026BF0C78002CEA81 /* Debug */ = {
			isa = XCBuildConfiguration;
			buildSettings = {
				ALWAYS_EMBED_SWIFT_STANDARD_LIBRARIES = YES;
				BUNDLE_LOADER = "$(TEST_HOST)";
				CODE_SIGN_STYLE = Automatic;
				DEVELOPMENT_TEAM = 48BMJ284DP;
				INFOPLIST_FILE = GloriaDemoTests/Info.plist;
				IPHONEOS_DEPLOYMENT_TARGET = 14.5;
				LD_RUNPATH_SEARCH_PATHS = (
					"$(inherited)",
					"@executable_path/Frameworks",
					"@loader_path/Frameworks",
				);
				PRODUCT_BUNDLE_IDENTIFIER = com.nuevo.GloriaDemoTests;
				PRODUCT_NAME = "$(TARGET_NAME)";
				SWIFT_VERSION = 5.0;
				TARGETED_DEVICE_FAMILY = "1,2";
				TEST_HOST = "$(BUILT_PRODUCTS_DIR)/GloriaDemo.app/GloriaDemo";
			};
			name = Debug;
		};
		D206FCD126BF0C78002CEA81 /* Release */ = {
			isa = XCBuildConfiguration;
			buildSettings = {
				ALWAYS_EMBED_SWIFT_STANDARD_LIBRARIES = YES;
				BUNDLE_LOADER = "$(TEST_HOST)";
				CODE_SIGN_STYLE = Automatic;
				DEVELOPMENT_TEAM = 48BMJ284DP;
				INFOPLIST_FILE = GloriaDemoTests/Info.plist;
				IPHONEOS_DEPLOYMENT_TARGET = 14.5;
				LD_RUNPATH_SEARCH_PATHS = (
					"$(inherited)",
					"@executable_path/Frameworks",
					"@loader_path/Frameworks",
				);
				PRODUCT_BUNDLE_IDENTIFIER = com.nuevo.GloriaDemoTests;
				PRODUCT_NAME = "$(TARGET_NAME)";
				SWIFT_VERSION = 5.0;
				TARGETED_DEVICE_FAMILY = "1,2";
				TEST_HOST = "$(BUILT_PRODUCTS_DIR)/GloriaDemo.app/GloriaDemo";
			};
			name = Release;
		};
		D206FCD326BF0C78002CEA81 /* Debug */ = {
			isa = XCBuildConfiguration;
			buildSettings = {
				ALWAYS_EMBED_SWIFT_STANDARD_LIBRARIES = YES;
				CODE_SIGN_STYLE = Automatic;
				DEVELOPMENT_TEAM = 48BMJ284DP;
				INFOPLIST_FILE = GloriaDemoUITests/Info.plist;
				LD_RUNPATH_SEARCH_PATHS = (
					"$(inherited)",
					"@executable_path/Frameworks",
					"@loader_path/Frameworks",
				);
				PRODUCT_BUNDLE_IDENTIFIER = com.nuevo.GloriaDemoUITests;
				PRODUCT_NAME = "$(TARGET_NAME)";
				SWIFT_VERSION = 5.0;
				TARGETED_DEVICE_FAMILY = "1,2";
				TEST_TARGET_NAME = GloriaDemo;
			};
			name = Debug;
		};
		D206FCD426BF0C78002CEA81 /* Release */ = {
			isa = XCBuildConfiguration;
			buildSettings = {
				ALWAYS_EMBED_SWIFT_STANDARD_LIBRARIES = YES;
				CODE_SIGN_STYLE = Automatic;
				DEVELOPMENT_TEAM = 48BMJ284DP;
				INFOPLIST_FILE = GloriaDemoUITests/Info.plist;
				LD_RUNPATH_SEARCH_PATHS = (
					"$(inherited)",
					"@executable_path/Frameworks",
					"@loader_path/Frameworks",
				);
				PRODUCT_BUNDLE_IDENTIFIER = com.nuevo.GloriaDemoUITests;
				PRODUCT_NAME = "$(TARGET_NAME)";
				SWIFT_VERSION = 5.0;
				TARGETED_DEVICE_FAMILY = "1,2";
				TEST_TARGET_NAME = GloriaDemo;
			};
			name = Release;
		};
/* End XCBuildConfiguration section */

/* Begin XCConfigurationList section */
		D206FC9D26BF0C76002CEA81 /* Build configuration list for PBXProject "GloriaDemo" */ = {
			isa = XCConfigurationList;
			buildConfigurations = (
				D206FCCA26BF0C78002CEA81 /* Debug */,
				D206FCCB26BF0C78002CEA81 /* Release */,
			);
			defaultConfigurationIsVisible = 0;
			defaultConfigurationName = Release;
		};
		D206FCCC26BF0C78002CEA81 /* Build configuration list for PBXNativeTarget "GloriaDemo" */ = {
			isa = XCConfigurationList;
			buildConfigurations = (
				D206FCCD26BF0C78002CEA81 /* Debug */,
				D206FCCE26BF0C78002CEA81 /* Release */,
			);
			defaultConfigurationIsVisible = 0;
			defaultConfigurationName = Release;
		};
		D206FCCF26BF0C78002CEA81 /* Build configuration list for PBXNativeTarget "GloriaDemoTests" */ = {
			isa = XCConfigurationList;
			buildConfigurations = (
				D206FCD026BF0C78002CEA81 /* Debug */,
				D206FCD126BF0C78002CEA81 /* Release */,
			);
			defaultConfigurationIsVisible = 0;
			defaultConfigurationName = Release;
		};
		D206FCD226BF0C78002CEA81 /* Build configuration list for PBXNativeTarget "GloriaDemoUITests" */ = {
			isa = XCConfigurationList;
			buildConfigurations = (
				D206FCD326BF0C78002CEA81 /* Debug */,
				D206FCD426BF0C78002CEA81 /* Release */,
			);
			defaultConfigurationIsVisible = 0;
			defaultConfigurationName = Release;
		};
/* End XCConfigurationList section */
	};
	rootObject = D206FC9A26BF0C76002CEA81 /* Project object */;
}
